
Microsoft Visual Studio Solution File, Format Version 12.00
# Visual Studio Version 17
VisualStudioVersion = 17.12.35506.116
MinimumVisualStudioVersion = 10.0.40219.1
Project("{FAE04EC0-301F-11D3-BF4B-00C04F79EFBC}") = "CNPM_PKDT.Module", "CNPM_PKDT.Module\CNPM_PKDT.Module.csproj", "{7F5BEE2C-1186-44F4-9A07-D4DE32AB971C}"
EndProject
Project("{FAE04EC0-301F-11D3-BF4B-00C04F79EFBC}") = "CNPM_PKDT.Blazor.Server", "CNPM_PKDT.Blazor.Server\CNPM_PKDT.Blazor.Server.csproj", "{E02AD524-A599-4DF1-BEEA-CE0F48B10B83}"
EndProject
Global
	GlobalSection(SolutionConfigurationPlatforms) = preSolution
		Debug|Any CPU = Debug|Any CPU
		EasyTest|Any CPU = EasyTest|Any CPU
		Release|Any CPU = Release|Any CPU
	EndGlobalSection
	GlobalSection(ProjectConfigurationPlatforms) = postSolution
		{7F5BEE2C-1186-44F4-9A07-D4DE32AB971C}.Debug|Any CPU.ActiveCfg = Debug|Any CPU
		{7F5BEE2C-1186-44F4-9A07-D4DE32AB971C}.Debug|Any CPU.Build.0 = Debug|Any CPU
		{7F5BEE2C-1186-44F4-9A07-D4DE32AB971C}.EasyTest|Any CPU.ActiveCfg = EasyTest|Any CPU
		{7F5BEE2C-1186-44F4-9A07-D4DE32AB971C}.EasyTest|Any CPU.Build.0 = EasyTest|Any CPU
		{7F5BEE2C-1186-44F4-9A07-D4DE32AB971C}.Release|Any CPU.ActiveCfg = Release|Any CPU
		{7F5BEE2C-1186-44F4-9A07-D4DE32AB971C}.Release|Any CPU.Build.0 = Release|Any CPU
		{E02AD524-A599-4DF1-BEEA-CE0F48B10B83}.Debug|Any CPU.ActiveCfg = Debug|Any CPU
		{E02AD524-A599-4DF1-BEEA-CE0F48B10B83}.Debug|Any CPU.Build.0 = Debug|Any CPU
		{E02AD524-A599-4DF1-BEEA-CE0F48B10B83}.EasyTest|Any CPU.ActiveCfg = EasyTest|Any CPU
		{E02AD524-A599-4DF1-BEEA-CE0F48B10B83}.EasyTest|Any CPU.Build.0 = EasyTest|Any CPU
		{E02AD524-A599-4DF1-BEEA-CE0F48B10B83}.Release|Any CPU.ActiveCfg = Release|Any CPU
		{E02AD524-A599-4DF1-BEEA-CE0F48B10B83}.Release|Any CPU.Build.0 = Release|Any CPU
	EndGlobalSection
	GlobalSection(SolutionProperties) = preSolution
		HideSolutionNode = FALSE
	EndGlobalSection
EndGlobal
